
Microsoft Visual Studio Solution File, Format Version 12.00
Project("{FAE04EC0-301F-11D3-BF4B-00C04F79EFBC}") = "Rampage.Messaging", "Rampage.Messaging\Rampage.Messaging.csproj", "{AD737B28-22AE-4BC4-B7CF-00BF760F6935}"
EndProject
Project("{FAE04EC0-301F-11D3-BF4B-00C04F79EFBC}") = "Rampage.Messaging.Test", "Rampage.Messaging.Test\Rampage.Messaging.Test.csproj", "{10E35FB7-3322-4A99-9715-9F3DF4EECA4B}"
EndProject
Global
	GlobalSection(SolutionConfigurationPlatforms) = preSolution
		Debug|Any CPU = Debug|Any CPU
		Release|Any CPU = Release|Any CPU
	EndGlobalSection
	GlobalSection(ProjectConfigurationPlatforms) = postSolution
		{AD737B28-22AE-4BC4-B7CF-00BF760F6935}.Debug|Any CPU.ActiveCfg = Debug|Any CPU
		{AD737B28-22AE-4BC4-B7CF-00BF760F6935}.Debug|Any CPU.Build.0 = Debug|Any CPU
		{AD737B28-22AE-4BC4-B7CF-00BF760F6935}.Release|Any CPU.ActiveCfg = Release|Any CPU
		{AD737B28-22AE-4BC4-B7CF-00BF760F6935}.Release|Any CPU.Build.0 = Release|Any CPU
		{10E35FB7-3322-4A99-9715-9F3DF4EECA4B}.Debug|Any CPU.ActiveCfg = Debug|Any CPU
		{10E35FB7-3322-4A99-9715-9F3DF4EECA4B}.Debug|Any CPU.Build.0 = Debug|Any CPU
		{10E35FB7-3322-4A99-9715-9F3DF4EECA4B}.Release|Any CPU.ActiveCfg = Release|Any CPU
		{10E35FB7-3322-4A99-9715-9F3DF4EECA4B}.Release|Any CPU.Build.0 = Release|Any CPU
	EndGlobalSection
EndGlobal
